
Microsoft Visual Studio Solution File, Format Version 12.00
# Visual Studio Version 16
VisualStudioVersion = 16.0.30907.101
MinimumVisualStudioVersion = 10.0.40219.1
Project("{9A19103F-16F7-4668-BE54-9A1E7A4F7556}") = "NetStandardOpcUaHelper", "src\NetStandardOpcUaHelper\NetStandardOpcUaHelper.csproj", "{F8340095-1928-44FA-911B-ABCD2338E9DB}"
EndProject
Project("{2150E333-8FDC-42A3-9474-1A3956D46DE8}") = "Solution Items", "Solution Items", "{3203E745-CF47-48DB-A82B-1F5C3AF835E6}"
	ProjectSection(SolutionItems) = preProject
		.editorconfig = .editorconfig
	EndProjectSection
EndProject
Project("{FAE04EC0-301F-11D3-BF4B-00C04F79EFBC}") = "NetStandardOpcUaHelper.Test", "src\NetStandardOpcUaHelper.Test\NetStandardOpcUaHelper.Test.csproj", "{90EAAFC3-5013-462E-A30F-141B75BDF4F4}"
EndProject
Global
	GlobalSection(SolutionConfigurationPlatforms) = preSolution
		Debug|Any CPU = Debug|Any CPU
		Release|Any CPU = Release|Any CPU
	EndGlobalSection
	GlobalSection(ProjectConfigurationPlatforms) = postSolution
		{F8340095-1928-44FA-911B-ABCD2338E9DB}.Debug|Any CPU.ActiveCfg = Debug|Any CPU
		{F8340095-1928-44FA-911B-ABCD2338E9DB}.Debug|Any CPU.Build.0 = Debug|Any CPU
		{F8340095-1928-44FA-911B-ABCD2338E9DB}.Release|Any CPU.ActiveCfg = Release|Any CPU
		{F8340095-1928-44FA-911B-ABCD2338E9DB}.Release|Any CPU.Build.0 = Release|Any CPU
		{90EAAFC3-5013-462E-A30F-141B75BDF4F4}.Debug|Any CPU.ActiveCfg = Debug|Any CPU
		{90EAAFC3-5013-462E-A30F-141B75BDF4F4}.Debug|Any CPU.Build.0 = Debug|Any CPU
		{90EAAFC3-5013-462E-A30F-141B75BDF4F4}.Release|Any CPU.ActiveCfg = Release|Any CPU
		{90EAAFC3-5013-462E-A30F-141B75BDF4F4}.Release|Any CPU.Build.0 = Release|Any CPU
	EndGlobalSection
	GlobalSection(SolutionProperties) = preSolution
		HideSolutionNode = FALSE
	EndGlobalSection
	GlobalSection(ExtensibilityGlobals) = postSolution
		SolutionGuid = {35C4E150-C6CA-4DC9-BA7F-EE6EFABF950B}
	EndGlobalSection
EndGlobal
